{
    "name": "babel-helper-nej-transforms",
    "version": "0.0.1",
    "lockfileVersion": 1,
    "requires": true,
    "dependencies": {
        "@types/babel-core": {
            "version": "6.25.3",
            "resolved": "https://registry.npmjs.org/@types/babel-core/-/babel-core-6.25.3.tgz",
            "integrity": "sha512-OlUjfM+Qv+XwcaucEiekBIhfAYe4q4ruvQZZcCkOtQZ27Hykxm1LLY2s0mE6LtP9XQt6x+TUvS70KW2e8Mz0ZA==",
            "dev": true,
            "requires": {
                "@types/babel-generator": "6.25.0",
                "@types/babel-template": "6.25.0",
                "@types/babel-traverse": "6.25.2",
                "@types/babel-types": "6.25.1",
                "@types/babylon": "6.16.2"
            }
        },
        "@types/babel-generator": {
            "version": "6.25.0",
            "resolved": "https://registry.npmjs.org/@types/babel-generator/-/babel-generator-6.25.0.tgz",
            "integrity": "sha512-WbrKGSt8SKOxAivCHB1fsIP59EyCCfMHuCYcA6yenjGxnjh0rK3BOSPHR96RdZD6ukgyDwzMF/biQH4llowTDg==",
            "dev": true,
            "requires": {
                "@types/babel-types": "6.25.1"
            }
        },
        "@types/babel-template": {
            "version": "6.25.0",
            "resolved": "https://registry.npmjs.org/@types/babel-template/-/babel-template-6.25.0.tgz",
            "integrity": "sha512-TtyfVlrprX92xSuKa8D//7vFz5kBJODBw5IQ1hQXehqO+me26vt1fyNxOZyXhUq2a7jRyT72V8p68IyH4NEZNA==",
            "dev": true,
            "requires": {
                "@types/babel-types": "6.25.1",
                "@types/babylon": "6.16.2"
            }
        },
        "@types/babel-traverse": {
            "version": "6.25.2",
            "resolved": "https://registry.npmjs.org/@types/babel-traverse/-/babel-traverse-6.25.2.tgz",
            "integrity": "sha512-SO/YPiHOYApenZJecbw1Psd2lopAQ9Wc9HnFevEvM1mOoNXHglV8mHgVkCQJRIrn6UgWqHE/QfvQ1uG1crNgHA==",
            "dev": true,
            "requires": {
                "@types/babel-types": "6.25.1"
            }
        },
        "@types/babel-types": {
            "version": "6.25.1",
            "resolved": "https://registry.npmjs.org/@types/babel-types/-/babel-types-6.25.1.tgz",
            "integrity": "sha512-7Z6r20+HE0viAFhsW0d/UrC1K2tTlpXzGpNlYm8MmCv8z5PbAacFIshrM/MjlGRa5SBqxu2socpy8FHntwZKng==",
            "dev": true
        },
        "@types/babylon": {
            "version": "6.16.2",
            "resolved": "https://registry.npmjs.org/@types/babylon/-/babylon-6.16.2.tgz",
            "integrity": "sha512-+Jty46mPaWe1VAyZbfvgJM4BAdklLWxrT5tc/RjvCgLrtk6gzRY6AOnoWFv4p6hVxhJshDdr2hGVn56alBp97Q==",
            "dev": true,
            "requires": {
                "@types/babel-types": "6.25.1"
            }
        },
        "@types/node": {
            "version": "8.0.50",
            "resolved": "https://registry.npmjs.org/@types/node/-/node-8.0.50.tgz",
            "integrity": "sha512-N9OVsMBspboNvYaLAQnLEhb2eQ96lavogMR5LoH5k8nb1PvBZHSBFhzhsq2LNzGTBBOtBviOc1GiSu+wlM/pGw==",
            "dev": true
        },
        "babel-runtime": {
            "version": "6.26.0",
            "resolved": "https://registry.npmjs.org/babel-runtime/-/babel-runtime-6.26.0.tgz",
            "integrity": "sha1-llxwWGaOgrVde/4E/yM3vItWR/4=",
            "requires": {
                "core-js": "2.5.1",
                "regenerator-runtime": "0.11.0"
            }
        },
        "babel-types": {
            "version": "6.26.0",
            "resolved": "https://registry.npmjs.org/babel-types/-/babel-types-6.26.0.tgz",
            "integrity": "sha1-o7Bz+Uq0nrb6Vc1lInozQ4BjJJc=",
            "requires": {
                "babel-runtime": "6.26.0",
                "esutils": "2.0.2",
                "lodash": "4.17.4",
                "to-fast-properties": "1.0.3"
            }
        },
        "balanced-match": {
            "version": "1.0.0",
            "resolved": "https://registry.npmjs.org/balanced-match/-/balanced-match-1.0.0.tgz",
            "integrity": "sha1-ibTRmasr7kneFk6gK4nORi1xt2c=",
            "dev": true
        },
        "brace-expansion": {
            "version": "1.1.8",
            "resolved": "https://registry.npmjs.org/brace-expansion/-/brace-expansion-1.1.8.tgz",
            "integrity": "sha1-wHshHHyVLsH479Uad+8NHTmQopI=",
            "dev": true,
            "requires": {
                "balanced-match": "1.0.0",
                "concat-map": "0.0.1"
            }
        },
        "concat-map": {
            "version": "0.0.1",
            "resolved": "https://registry.npmjs.org/concat-map/-/concat-map-0.0.1.tgz",
            "integrity": "sha1-2Klr13/Wjfd5OnMDajug1UBdR3s=",
            "dev": true
        },
        "core-js": {
            "version": "2.5.1",
            "resolved": "https://registry.npmjs.org/core-js/-/core-js-2.5.1.tgz",
            "integrity": "sha1-rmh03GaTd4m4B1T/VCjfZoGcpQs="
        },
        "esutils": {
            "version": "2.0.2",
            "resolved": "https://registry.npmjs.org/esutils/-/esutils-2.0.2.tgz",
            "integrity": "sha1-Cr9PHKpbyx96nYrMbepPqqBLrJs="
        },
        "fs.realpath": {
            "version": "1.0.0",
            "resolved": "https://registry.npmjs.org/fs.realpath/-/fs.realpath-1.0.0.tgz",
            "integrity": "sha1-FQStJSMVjKpA20onh8sBQRmU6k8=",
            "dev": true
        },
        "glob": {
            "version": "7.1.2",
            "resolved": "https://registry.npmjs.org/glob/-/glob-7.1.2.tgz",
            "integrity": "sha512-MJTUg1kjuLeQCJ+ccE4Vpa6kKVXkPYJ2mOCQyUuKLcLQsdrMCpBPUi8qVE6+YuaJkozeA9NusTAw3hLr8Xe5EQ==",
            "dev": true,
            "requires": {
                "fs.realpath": "1.0.0",
                "inflight": "1.0.6",
                "inherits": "2.0.3",
                "minimatch": "3.0.4",
                "once": "1.4.0",
                "path-is-absolute": "1.0.1"
            }
        },
        "inflight": {
            "version": "1.0.6",
            "resolved": "https://registry.npmjs.org/inflight/-/inflight-1.0.6.tgz",
            "integrity": "sha1-Sb1jMdfQLQwJvJEKEHW6gWW1bfk=",
            "dev": true,
            "requires": {
                "once": "1.4.0",
                "wrappy": "1.0.2"
            }
        },
        "inherits": {
            "version": "2.0.3",
            "resolved": "https://registry.npmjs.org/inherits/-/inherits-2.0.3.tgz",
            "integrity": "sha1-Yzwsg+PaQqUC9SRmAiSA9CCCYd4=",
            "dev": true
        },
        "lodash": {
            "version": "4.17.4",
            "resolved": "https://registry.npmjs.org/lodash/-/lodash-4.17.4.tgz",
            "integrity": "sha1-eCA6TRwyiuHYbcpkYONptX9AVa4="
        },
        "minimatch": {
            "version": "3.0.4",
            "resolved": "https://registry.npmjs.org/minimatch/-/minimatch-3.0.4.tgz",
            "integrity": "sha512-yJHVQEhyqPLUTgt9B83PXu6W3rx4MvvHvSUvToogpwoGDOUQ+yDrR0HRot+yOCdCO7u4hX3pWft6kWBBcqh0UA==",
            "dev": true,
            "requires": {
                "brace-expansion": "1.1.8"
            }
        },
        "nejm": {
            "version": "0.3.1",
            "resolved": "https://registry.npmjs.org/nejm/-/nejm-0.3.1.tgz",
            "integrity": "sha512-tlWlSpTSOI2ze3kvTb8RzgBHJWNIsENG6BtvkwwUDED/ylI1FYC0NcT3VA3itt0BTx5OHzD9+lhEIpy9oObN+A=="
        },
        "once": {
            "version": "1.4.0",
            "resolved": "https://registry.npmjs.org/once/-/once-1.4.0.tgz",
            "integrity": "sha1-WDsap3WWHUsROsF9nFC6753Xa9E=",
            "dev": true,
            "requires": {
                "wrappy": "1.0.2"
            }
        },
        "path-is-absolute": {
            "version": "1.0.1",
            "resolved": "https://registry.npmjs.org/path-is-absolute/-/path-is-absolute-1.0.1.tgz",
            "integrity": "sha1-F0uSaHNVNP+8es5r9TpanhtcX18=",
            "dev": true
        },
        "regenerator-runtime": {
            "version": "0.11.0",
            "resolved": "https://registry.npmjs.org/regenerator-runtime/-/regenerator-runtime-0.11.0.tgz",
            "integrity": "sha512-/aA0kLeRb5N9K0d4fw7ooEbI+xDe+DKD499EQqygGqeS8N3xto15p09uY2xj7ixP81sNPXvRLnAQIqdVStgb1A=="
        },
        "rimraf": {
            "version": "2.6.2",
            "resolved": "https://registry.npmjs.org/rimraf/-/rimraf-2.6.2.tgz",
            "integrity": "sha512-lreewLK/BlghmxtfH36YYVg1i8IAce4TI7oao75I1g245+6BctqTVQiBP3YUJ9C6DQOXJmkYR9X9fCLtCOJc5w==",
            "dev": true,
            "requires": {
                "glob": "7.1.2"
            }
        },
        "to-fast-properties": {
            "version": "1.0.3",
            "resolved": "https://registry.npmjs.org/to-fast-properties/-/to-fast-properties-1.0.3.tgz",
            "integrity": "sha1-uDVx+k2MJbguIxsG46MFXeTKGkc="
        },
        "typescript": {
            "version": "2.6.1",
            "resolved": "https://registry.npmjs.org/typescript/-/typescript-2.6.1.tgz",
            "integrity": "sha1-7znN6ierrAtQAkLWcmq5DgyEZjE=",
            "dev": true
        },
        "wrappy": {
            "version": "1.0.2",
            "resolved": "https://registry.npmjs.org/wrappy/-/wrappy-1.0.2.tgz",
            "integrity": "sha1-tSQ9jz7BqjXxNkYFvA0QNuMKtp8=",
            "dev": true
        }
    }
}
